
Microsoft Visual Studio Solution File, Format Version 12.00
# Visual Studio Version 17
VisualStudioVersion = 17.3.32804.467
MinimumVisualStudioVersion = 10.0.40219.1
Project("{9A19103F-16F7-4668-BE54-9A1E7A4F7556}") = "Random_number", "Random number\Random_number.csproj", "{F4CF3CE4-344F-403F-85E0-B247000178CD}"
EndProject
Global
	GlobalSection(SolutionConfigurationPlatforms) = preSolution
		Debug|Any CPU = Debug|Any CPU
		Release|Any CPU = Release|Any CPU
	EndGlobalSection
	GlobalSection(ProjectConfigurationPlatforms) = postSolution
		{F4CF3CE4-344F-403F-85E0-B247000178CD}.Debug|Any CPU.ActiveCfg = Debug|Any CPU
		{F4CF3CE4-344F-403F-85E0-B247000178CD}.Debug|Any CPU.Build.0 = Debug|Any CPU
		{F4CF3CE4-344F-403F-85E0-B247000178CD}.Release|Any CPU.ActiveCfg = Release|Any CPU
		{F4CF3CE4-344F-403F-85E0-B247000178CD}.Release|Any CPU.Build.0 = Release|Any CPU
	EndGlobalSection
	GlobalSection(SolutionProperties) = preSolution
		HideSolutionNode = FALSE
	EndGlobalSection
	GlobalSection(ExtensibilityGlobals) = postSolution
		SolutionGuid = {06F23580-DCAA-4BCC-8DC7-323622108E85}
	EndGlobalSection
EndGlobal
